// !$*UTF8*$!
{
	archiveVersion = 1;
	classes = {
	};
	objectVersion = 55;
	objects = {

/* Begin PBXBuildFile section */
		E61039BA28215DDE00B19EDB /* NewTransactionController.swift in Sources */ = {isa = PBXBuildFile; fileRef = E61039B928215DDE00B19EDB /* NewTransactionController.swift */; };
		E61039BF2821674F00B19EDB /* MemberOrderTransactionView.swift in Sources */ = {isa = PBXBuildFile; fileRef = E61039BB2821674F00B19EDB /* MemberOrderTransactionView.swift */; };
		E61039C02821674F00B19EDB /* MemberOrderTransactionView.xib in Resources */ = {isa = PBXBuildFile; fileRef = E61039BC2821674F00B19EDB /* MemberOrderTransactionView.xib */; };
		E61039C12821674F00B19EDB /* MemberOrder.swift in Sources */ = {isa = PBXBuildFile; fileRef = E61039BD2821674F00B19EDB /* MemberOrder.swift */; };
		E61039C22821674F00B19EDB /* MemberOrder.xib in Resources */ = {isa = PBXBuildFile; fileRef = E61039BE2821674F00B19EDB /* MemberOrder.xib */; };
		E61039C72821676300B19EDB /* MemberTransactionView.swift in Sources */ = {isa = PBXBuildFile; fileRef = E61039C32821676300B19EDB /* MemberTransactionView.swift */; };
		E61039C82821676300B19EDB /* MemberTransactionView.xib in Resources */ = {isa = PBXBuildFile; fileRef = E61039C42821676300B19EDB /* MemberTransactionView.xib */; };
		E61039CC28216A5900B19EDB /* MemberTransactionController.swift in Sources */ = {isa = PBXBuildFile; fileRef = E61039CB28216A5900B19EDB /* MemberTransactionController.swift */; };
		E61039CE28216A6400B19EDB /* MemberOrderTransactionController.swift in Sources */ = {isa = PBXBuildFile; fileRef = E61039CD28216A6400B19EDB /* MemberOrderTransactionController.swift */; };
		E647111A281BA0200058E649 /* TransactionView.xib in Resources */ = {isa = PBXBuildFile; fileRef = E6471119281BA0200058E649 /* TransactionView.xib */; };
		E6471120281BBAAB0058E649 /* TransactionView.swift in Sources */ = {isa = PBXBuildFile; fileRef = E647111F281BBAAB0058E649 /* TransactionView.swift */; };
		E6471123281BCFE10058E649 /* NewTransactionView.swift in Sources */ = {isa = PBXBuildFile; fileRef = E6471121281BCFE10058E649 /* NewTransactionView.swift */; };
		E6471124281BCFE10058E649 /* NewTransactionView.xib in Resources */ = {isa = PBXBuildFile; fileRef = E6471122281BCFE10058E649 /* NewTransactionView.xib */; };
		E65E814A28198D4B0016156D /* TransactionModel.swift in Sources */ = {isa = PBXBuildFile; fileRef = E65E814928198D4B0016156D /* TransactionModel.swift */; };
		E6A8AEAE281A8A71004AD696 /* TransactionCell.swift in Sources */ = {isa = PBXBuildFile; fileRef = E6A8AEAD281A8A71004AD696 /* TransactionCell.swift */; };
		E6A8AEB2281A8B46004AD696 /* TransactionCell.xib in Resources */ = {isa = PBXBuildFile; fileRef = E6A8AEB1281A8B46004AD696 /* TransactionCell.xib */; };
		E6A8AEB8281AA07D004AD696 /* DetailViewCell.xib in Resources */ = {isa = PBXBuildFile; fileRef = E6A8AEB7281AA07D004AD696 /* DetailViewCell.xib */; };
		E6A8AEBA281AA338004AD696 /* DetailViewCell.swift in Sources */ = {isa = PBXBuildFile; fileRef = E6A8AEB9281AA338004AD696 /* DetailViewCell.swift */; };
		E6A8AEC1281B074F004AD696 /* DetailTransactionView.swift in Sources */ = {isa = PBXBuildFile; fileRef = E6A8AEBF281B074F004AD696 /* DetailTransactionView.swift */; };
		E6A8AEC2281B074F004AD696 /* DetailTransactionView.xib in Resources */ = {isa = PBXBuildFile; fileRef = E6A8AEC0281B074F004AD696 /* DetailTransactionView.xib */; };
		E6D3093C281920ED00A20A5E /* AppDelegate.swift in Sources */ = {isa = PBXBuildFile; fileRef = E6D3093B281920ED00A20A5E /* AppDelegate.swift */; };
		E6D3093E281920ED00A20A5E /* SceneDelegate.swift in Sources */ = {isa = PBXBuildFile; fileRef = E6D3093D281920ED00A20A5E /* SceneDelegate.swift */; };
		E6D30940281920ED00A20A5E /* TransactionController.swift in Sources */ = {isa = PBXBuildFile; fileRef = E6D3093F281920ED00A20A5E /* TransactionController.swift */; };
		E6D30943281920ED00A20A5E /* Main.storyboard in Resources */ = {isa = PBXBuildFile; fileRef = E6D30941281920ED00A20A5E /* Main.storyboard */; };
		E6D30945281920F100A20A5E /* Assets.xcassets in Resources */ = {isa = PBXBuildFile; fileRef = E6D30944281920F100A20A5E /* Assets.xcassets */; };
		E6D30948281920F100A20A5E /* LaunchScreen.storyboard in Resources */ = {isa = PBXBuildFile; fileRef = E6D30946281920F100A20A5E /* LaunchScreen.storyboard */; };
		E6D30953281920F200A20A5E /* TalanginTests.swift in Sources */ = {isa = PBXBuildFile; fileRef = E6D30952281920F200A20A5E /* TalanginTests.swift */; };
		E6D3095D281920F200A20A5E /* TalanginUITests.swift in Sources */ = {isa = PBXBuildFile; fileRef = E6D3095C281920F200A20A5E /* TalanginUITests.swift */; };
		E6D3095F281920F200A20A5E /* TalanginUITestsLaunchTests.swift in Sources */ = {isa = PBXBuildFile; fileRef = E6D3095E281920F200A20A5E /* TalanginUITestsLaunchTests.swift */; };
		E6D309702819268700A20A5E /* ContactViewController.swift in Sources */ = {isa = PBXBuildFile; fileRef = E6D3096B2819268700A20A5E /* ContactViewController.swift */; };
		E6D309712819268700A20A5E /* ContactModel.swift in Sources */ = {isa = PBXBuildFile; fileRef = E6D3096C2819268700A20A5E /* ContactModel.swift */; };
		E6D309722819268700A20A5E /* DetailViewController.swift in Sources */ = {isa = PBXBuildFile; fileRef = E6D3096D2819268700A20A5E /* DetailViewController.swift */; };
		E6D309732819268700A20A5E /* UIButton+Extension.swift in Sources */ = {isa = PBXBuildFile; fileRef = E6D3096E2819268700A20A5E /* UIButton+Extension.swift */; };
		E6D309742819268700A20A5E /* ContactCell.swift in Sources */ = {isa = PBXBuildFile; fileRef = E6D3096F2819268700A20A5E /* ContactCell.swift */; };
		E6D3098428193FD400A20A5E /* Transactions.storyboard in Resources */ = {isa = PBXBuildFile; fileRef = E6D3098228193FD400A20A5E /* Transactions.storyboard */; };
		E6D3098628193FED00A20A5E /* Contacts.storyboard in Resources */ = {isa = PBXBuildFile; fileRef = E6D3098528193FED00A20A5E /* Contacts.storyboard */; };
/* End PBXBuildFile section */

/* Begin PBXContainerItemProxy section */
		E6D3094F281920F200A20A5E /* PBXContainerItemProxy */ = {
			isa = PBXContainerItemProxy;
			containerPortal = E6D30930281920ED00A20A5E /* Project object */;
			proxyType = 1;
			remoteGlobalIDString = E6D30937281920ED00A20A5E;
			remoteInfo = Talangin;
		};
		E6D30959281920F200A20A5E /* PBXContainerItemProxy */ = {
			isa = PBXContainerItemProxy;
			containerPortal = E6D30930281920ED00A20A5E /* Project object */;
			proxyType = 1;
			remoteGlobalIDString = E6D30937281920ED00A20A5E;
			remoteInfo = Talangin;
		};
/* End PBXContainerItemProxy section */

/* Begin PBXFileReference section */
		E61039B928215DDE00B19EDB /* NewTransactionController.swift */ = {isa = PBXFileReference; lastKnownFileType = sourcecode.swift; path = NewTransactionController.swift; sourceTree = "<group>"; };
		E61039BB2821674F00B19EDB /* MemberOrderTransactionView.swift */ = {isa = PBXFileReference; fileEncoding = 4; lastKnownFileType = sourcecode.swift; path = MemberOrderTransactionView.swift; sourceTree = "<group>"; };
		E61039BC2821674F00B19EDB /* MemberOrderTransactionView.xib */ = {isa = PBXFileReference; fileEncoding = 4; lastKnownFileType = file.xib; path = MemberOrderTransactionView.xib; sourceTree = "<group>"; };
		E61039BD2821674F00B19EDB /* MemberOrder.swift */ = {isa = PBXFileReference; fileEncoding = 4; lastKnownFileType = sourcecode.swift; path = MemberOrder.swift; sourceTree = "<group>"; };
		E61039BE2821674F00B19EDB /* MemberOrder.xib */ = {isa = PBXFileReference; fileEncoding = 4; lastKnownFileType = file.xib; path = MemberOrder.xib; sourceTree = "<group>"; };
		E61039C32821676300B19EDB /* MemberTransactionView.swift */ = {isa = PBXFileReference; fileEncoding = 4; lastKnownFileType = sourcecode.swift; path = MemberTransactionView.swift; sourceTree = "<group>"; };
		E61039C42821676300B19EDB /* MemberTransactionView.xib */ = {isa = PBXFileReference; fileEncoding = 4; lastKnownFileType = file.xib; path = MemberTransactionView.xib; sourceTree = "<group>"; };
		E61039CB28216A5900B19EDB /* MemberTransactionController.swift */ = {isa = PBXFileReference; lastKnownFileType = sourcecode.swift; path = MemberTransactionController.swift; sourceTree = "<group>"; };
		E61039CD28216A6400B19EDB /* MemberOrderTransactionController.swift */ = {isa = PBXFileReference; lastKnownFileType = sourcecode.swift; path = MemberOrderTransactionController.swift; sourceTree = "<group>"; };
		E6471119281BA0200058E649 /* TransactionView.xib */ = {isa = PBXFileReference; lastKnownFileType = file.xib; path = TransactionView.xib; sourceTree = "<group>"; };
		E647111F281BBAAB0058E649 /* TransactionView.swift */ = {isa = PBXFileReference; lastKnownFileType = sourcecode.swift; path = TransactionView.swift; sourceTree = "<group>"; };
		E6471121281BCFE10058E649 /* NewTransactionView.swift */ = {isa = PBXFileReference; lastKnownFileType = sourcecode.swift; path = NewTransactionView.swift; sourceTree = "<group>"; };
		E6471122281BCFE10058E649 /* NewTransactionView.xib */ = {isa = PBXFileReference; lastKnownFileType = file.xib; path = NewTransactionView.xib; sourceTree = "<group>"; };
		E65E814928198D4B0016156D /* TransactionModel.swift */ = {isa = PBXFileReference; lastKnownFileType = sourcecode.swift; path = TransactionModel.swift; sourceTree = "<group>"; };
		E6A8AEAD281A8A71004AD696 /* TransactionCell.swift */ = {isa = PBXFileReference; lastKnownFileType = sourcecode.swift; path = TransactionCell.swift; sourceTree = "<group>"; };
		E6A8AEB1281A8B46004AD696 /* TransactionCell.xib */ = {isa = PBXFileReference; lastKnownFileType = file.xib; path = TransactionCell.xib; sourceTree = "<group>"; };
		E6A8AEB7281AA07D004AD696 /* DetailViewCell.xib */ = {isa = PBXFileReference; lastKnownFileType = file.xib; path = DetailViewCell.xib; sourceTree = "<group>"; };
		E6A8AEB9281AA338004AD696 /* DetailViewCell.swift */ = {isa = PBXFileReference; lastKnownFileType = sourcecode.swift; path = DetailViewCell.swift; sourceTree = "<group>"; };
		E6A8AEBF281B074F004AD696 /* DetailTransactionView.swift */ = {isa = PBXFileReference; fileEncoding = 4; lastKnownFileType = sourcecode.swift; path = DetailTransactionView.swift; sourceTree = "<group>"; };
		E6A8AEC0281B074F004AD696 /* DetailTransactionView.xib */ = {isa = PBXFileReference; fileEncoding = 4; lastKnownFileType = file.xib; path = DetailTransactionView.xib; sourceTree = "<group>"; };
		E6D30938281920ED00A20A5E /* Talangin.app */ = {isa = PBXFileReference; explicitFileType = wrapper.application; includeInIndex = 0; path = Talangin.app; sourceTree = BUILT_PRODUCTS_DIR; };
		E6D3093B281920ED00A20A5E /* AppDelegate.swift */ = {isa = PBXFileReference; lastKnownFileType = sourcecode.swift; path = AppDelegate.swift; sourceTree = "<group>"; };
		E6D3093D281920ED00A20A5E /* SceneDelegate.swift */ = {isa = PBXFileReference; lastKnownFileType = sourcecode.swift; path = SceneDelegate.swift; sourceTree = "<group>"; };
		E6D3093F281920ED00A20A5E /* TransactionController.swift */ = {isa = PBXFileReference; lastKnownFileType = sourcecode.swift; path = TransactionController.swift; sourceTree = "<group>"; };
		E6D30942281920ED00A20A5E /* Base */ = {isa = PBXFileReference; lastKnownFileType = file.storyboard; name = Base; path = Base.lproj/Main.storyboard; sourceTree = "<group>"; };
		E6D30944281920F100A20A5E /* Assets.xcassets */ = {isa = PBXFileReference; lastKnownFileType = folder.assetcatalog; path = Assets.xcassets; sourceTree = "<group>"; };
		E6D30947281920F100A20A5E /* Base */ = {isa = PBXFileReference; lastKnownFileType = file.storyboard; name = Base; path = Base.lproj/LaunchScreen.storyboard; sourceTree = "<group>"; };
		E6D30949281920F100A20A5E /* Info.plist */ = {isa = PBXFileReference; lastKnownFileType = text.plist.xml; path = Info.plist; sourceTree = "<group>"; };
		E6D3094E281920F200A20A5E /* TalanginTests.xctest */ = {isa = PBXFileReference; explicitFileType = wrapper.cfbundle; includeInIndex = 0; path = TalanginTests.xctest; sourceTree = BUILT_PRODUCTS_DIR; };
		E6D30952281920F200A20A5E /* TalanginTests.swift */ = {isa = PBXFileReference; lastKnownFileType = sourcecode.swift; path = TalanginTests.swift; sourceTree = "<group>"; };
		E6D30958281920F200A20A5E /* TalanginUITests.xctest */ = {isa = PBXFileReference; explicitFileType = wrapper.cfbundle; includeInIndex = 0; path = TalanginUITests.xctest; sourceTree = BUILT_PRODUCTS_DIR; };
		E6D3095C281920F200A20A5E /* TalanginUITests.swift */ = {isa = PBXFileReference; lastKnownFileType = sourcecode.swift; path = TalanginUITests.swift; sourceTree = "<group>"; };
		E6D3095E281920F200A20A5E /* TalanginUITestsLaunchTests.swift */ = {isa = PBXFileReference; lastKnownFileType = sourcecode.swift; path = TalanginUITestsLaunchTests.swift; sourceTree = "<group>"; };
		E6D3096B2819268700A20A5E /* ContactViewController.swift */ = {isa = PBXFileReference; fileEncoding = 4; lastKnownFileType = sourcecode.swift; path = ContactViewController.swift; sourceTree = "<group>"; };
		E6D3096C2819268700A20A5E /* ContactModel.swift */ = {isa = PBXFileReference; fileEncoding = 4; lastKnownFileType = sourcecode.swift; path = ContactModel.swift; sourceTree = "<group>"; };
		E6D3096D2819268700A20A5E /* DetailViewController.swift */ = {isa = PBXFileReference; fileEncoding = 4; lastKnownFileType = sourcecode.swift; path = DetailViewController.swift; sourceTree = "<group>"; };
		E6D3096E2819268700A20A5E /* UIButton+Extension.swift */ = {isa = PBXFileReference; fileEncoding = 4; lastKnownFileType = sourcecode.swift; path = "UIButton+Extension.swift"; sourceTree = "<group>"; };
		E6D3096F2819268700A20A5E /* ContactCell.swift */ = {isa = PBXFileReference; fileEncoding = 4; lastKnownFileType = sourcecode.swift; path = ContactCell.swift; sourceTree = "<group>"; };
		E6D3098328193FD400A20A5E /* Base */ = {isa = PBXFileReference; lastKnownFileType = file.storyboard; name = Base; path = Talangin/Base.lproj/Transactions.storyboard; sourceTree = "<group>"; };
		E6D3098528193FED00A20A5E /* Contacts.storyboard */ = {isa = PBXFileReference; fileEncoding = 4; lastKnownFileType = file.storyboard; path = Contacts.storyboard; sourceTree = "<group>"; };
/* End PBXFileReference section */

/* Begin PBXFrameworksBuildPhase section */
		E6D30935281920ED00A20A5E /* Frameworks */ = {
			isa = PBXFrameworksBuildPhase;
			buildActionMask = 2147483647;
			files = (
			);
			runOnlyForDeploymentPostprocessing = 0;
		};
		E6D3094B281920F200A20A5E /* Frameworks */ = {
			isa = PBXFrameworksBuildPhase;
			buildActionMask = 2147483647;
			files = (
			);
			runOnlyForDeploymentPostprocessing = 0;
		};
		E6D30955281920F200A20A5E /* Frameworks */ = {
			isa = PBXFrameworksBuildPhase;
			buildActionMask = 2147483647;
			files = (
			);
			runOnlyForDeploymentPostprocessing = 0;
		};
/* End PBXFrameworksBuildPhase section */

/* Begin PBXGroup section */
		E61039B628215AFE00B19EDB /* Orders */ = {
			isa = PBXGroup;
			children = (
				E6471119281BA0200058E649 /* TransactionView.xib */,
				E647111F281BBAAB0058E649 /* TransactionView.swift */,
				E6471121281BCFE10058E649 /* NewTransactionView.swift */,
				E6471122281BCFE10058E649 /* NewTransactionView.xib */,
				E61039B928215DDE00B19EDB /* NewTransactionController.swift */,
			);
			path = Orders;
			sourceTree = "<group>";
		};
		E61039B728215B0700B19EDB /* Members */ = {
			isa = PBXGroup;
			children = (
				E61039C42821676300B19EDB /* MemberTransactionView.xib */,
				E61039C32821676300B19EDB /* MemberTransactionView.swift */,
				E61039CB28216A5900B19EDB /* MemberTransactionController.swift */,
			);
			path = Members;
			sourceTree = "<group>";
		};
		E61039B828215B0D00B19EDB /* MemberOrders */ = {
			isa = PBXGroup;
			children = (
				E61039BB2821674F00B19EDB /* MemberOrderTransactionView.swift */,
				E61039BC2821674F00B19EDB /* MemberOrderTransactionView.xib */,
				E61039BD2821674F00B19EDB /* MemberOrder.swift */,
				E61039BE2821674F00B19EDB /* MemberOrder.xib */,
				E61039CD28216A6400B19EDB /* MemberOrderTransactionController.swift */,
			);
			path = MemberOrders;
			sourceTree = "<group>";
		};
		E6118A6D281DB38600959A8B /* CreateTransaction */ = {
			isa = PBXGroup;
			children = (
				E61039B828215B0D00B19EDB /* MemberOrders */,
				E61039B728215B0700B19EDB /* Members */,
				E61039B628215AFE00B19EDB /* Orders */,
			);
			path = CreateTransaction;
			sourceTree = "<group>";
		};
		E6A8AEC3281B0BD1004AD696 /* Detail */ = {
			isa = PBXGroup;
			children = (
				E6D3096D2819268700A20A5E /* DetailViewController.swift */,
				E6A8AEBF281B074F004AD696 /* DetailTransactionView.swift */,
				E6A8AEB9281AA338004AD696 /* DetailViewCell.swift */,
				E6A8AEC0281B074F004AD696 /* DetailTransactionView.xib */,
				E6A8AEB7281AA07D004AD696 /* DetailViewCell.xib */,
			);
			path = Detail;
			sourceTree = "<group>";
		};
		E6D3092F281920ED00A20A5E = {
			isa = PBXGroup;
			children = (
				E6D3093A281920ED00A20A5E /* Talangin */,
				E6D30951281920F200A20A5E /* TalanginTests */,
				E6D3095B281920F200A20A5E /* TalanginUITests */,
				E6D30939281920ED00A20A5E /* Products */,
			);
			sourceTree = "<group>";
		};
		E6D30939281920ED00A20A5E /* Products */ = {
			isa = PBXGroup;
			children = (
				E6D30938281920ED00A20A5E /* Talangin.app */,
				E6D3094E281920F200A20A5E /* TalanginTests.xctest */,
				E6D30958281920F200A20A5E /* TalanginUITests.xctest */,
			);
			name = Products;
			sourceTree = "<group>";
		};
		E6D3093A281920ED00A20A5E /* Talangin */ = {
			isa = PBXGroup;
			children = (
				E6D309892819402B00A20A5E /* Contact */,
				E6D309882819401200A20A5E /* Transaction */,
				E6D3093B281920ED00A20A5E /* AppDelegate.swift */,
				E6D3093D281920ED00A20A5E /* SceneDelegate.swift */,
				E6D3096E2819268700A20A5E /* UIButton+Extension.swift */,
				E6D30941281920ED00A20A5E /* Main.storyboard */,
				E6D30944281920F100A20A5E /* Assets.xcassets */,
				E6D30946281920F100A20A5E /* LaunchScreen.storyboard */,
				E6D30949281920F100A20A5E /* Info.plist */,
			);
			path = Talangin;
			sourceTree = "<group>";
		};
		E6D30951281920F200A20A5E /* TalanginTests */ = {
			isa = PBXGroup;
			children = (
				E6D30952281920F200A20A5E /* TalanginTests.swift */,
			);
			path = TalanginTests;
			sourceTree = "<group>";
		};
		E6D3095B281920F200A20A5E /* TalanginUITests */ = {
			isa = PBXGroup;
			children = (
				E6D3095C281920F200A20A5E /* TalanginUITests.swift */,
				E6D3095E281920F200A20A5E /* TalanginUITestsLaunchTests.swift */,
			);
			path = TalanginUITests;
			sourceTree = "<group>";
		};
		E6D309882819401200A20A5E /* Transaction */ = {
			isa = PBXGroup;
			children = (
				E6118A6D281DB38600959A8B /* CreateTransaction */,
				E6A8AEC3281B0BD1004AD696 /* Detail */,
				E6D3098228193FD400A20A5E /* Transactions.storyboard */,
				E6D3093F281920ED00A20A5E /* TransactionController.swift */,
				E65E814928198D4B0016156D /* TransactionModel.swift */,
				E6A8AEAD281A8A71004AD696 /* TransactionCell.swift */,
				E6A8AEB1281A8B46004AD696 /* TransactionCell.xib */,
			);
			path = Transaction;
			sourceTree = "<group>";
		};
		E6D309892819402B00A20A5E /* Contact */ = {
			isa = PBXGroup;
			children = (
				E6D3096F2819268700A20A5E /* ContactCell.swift */,
				E6D3096C2819268700A20A5E /* ContactModel.swift */,
				E6D3096B2819268700A20A5E /* ContactViewController.swift */,
				E6D3098528193FED00A20A5E /* Contacts.storyboard */,
			);
			path = Contact;
			sourceTree = "<group>";
		};
/* End PBXGroup section */

/* Begin PBXNativeTarget section */
		E6D30937281920ED00A20A5E /* Talangin */ = {
			isa = PBXNativeTarget;
			buildConfigurationList = E6D30962281920F200A20A5E /* Build configuration list for PBXNativeTarget "Talangin" */;
			buildPhases = (
				E6D30934281920ED00A20A5E /* Sources */,
				E6D30935281920ED00A20A5E /* Frameworks */,
				E6D30936281920ED00A20A5E /* Resources */,
			);
			buildRules = (
			);
			dependencies = (
			);
			name = Talangin;
			productName = Talangin;
			productReference = E6D30938281920ED00A20A5E /* Talangin.app */;
			productType = "com.apple.product-type.application";
		};
		E6D3094D281920F200A20A5E /* TalanginTests */ = {
			isa = PBXNativeTarget;
			buildConfigurationList = E6D30965281920F200A20A5E /* Build configuration list for PBXNativeTarget "TalanginTests" */;
			buildPhases = (
				E6D3094A281920F200A20A5E /* Sources */,
				E6D3094B281920F200A20A5E /* Frameworks */,
				E6D3094C281920F200A20A5E /* Resources */,
			);
			buildRules = (
			);
			dependencies = (
				E6D30950281920F200A20A5E /* PBXTargetDependency */,
			);
			name = TalanginTests;
			productName = TalanginTests;
			productReference = E6D3094E281920F200A20A5E /* TalanginTests.xctest */;
			productType = "com.apple.product-type.bundle.unit-test";
		};
		E6D30957281920F200A20A5E /* TalanginUITests */ = {
			isa = PBXNativeTarget;
			buildConfigurationList = E6D30968281920F200A20A5E /* Build configuration list for PBXNativeTarget "TalanginUITests" */;
			buildPhases = (
				E6D30954281920F200A20A5E /* Sources */,
				E6D30955281920F200A20A5E /* Frameworks */,
				E6D30956281920F200A20A5E /* Resources */,
			);
			buildRules = (
			);
			dependencies = (
				E6D3095A281920F200A20A5E /* PBXTargetDependency */,
			);
			name = TalanginUITests;
			productName = TalanginUITests;
			productReference = E6D30958281920F200A20A5E /* TalanginUITests.xctest */;
			productType = "com.apple.product-type.bundle.ui-testing";
		};
/* End PBXNativeTarget section */

/* Begin PBXProject section */
		E6D30930281920ED00A20A5E /* Project object */ = {
			isa = PBXProject;
			attributes = {
				BuildIndependentTargetsInParallel = 1;
				LastSwiftUpdateCheck = 1330;
				LastUpgradeCheck = 1330;
				TargetAttributes = {
					E6D30937281920ED00A20A5E = {
						CreatedOnToolsVersion = 13.3.1;
					};
					E6D3094D281920F200A20A5E = {
						CreatedOnToolsVersion = 13.3.1;
						TestTargetID = E6D30937281920ED00A20A5E;
					};
					E6D30957281920F200A20A5E = {
						CreatedOnToolsVersion = 13.3.1;
						TestTargetID = E6D30937281920ED00A20A5E;
					};
				};
			};
			buildConfigurationList = E6D30933281920ED00A20A5E /* Build configuration list for PBXProject "Talangin" */;
			compatibilityVersion = "Xcode 13.0";
			developmentRegion = en;
			hasScannedForEncodings = 0;
			knownRegions = (
				en,
				Base,
			);
			mainGroup = E6D3092F281920ED00A20A5E;
			productRefGroup = E6D30939281920ED00A20A5E /* Products */;
			projectDirPath = "";
			projectRoot = "";
			targets = (
				E6D30937281920ED00A20A5E /* Talangin */,
				E6D3094D281920F200A20A5E /* TalanginTests */,
				E6D30957281920F200A20A5E /* TalanginUITests */,
			);
		};
/* End PBXProject section */

/* Begin PBXResourcesBuildPhase section */
		E6D30936281920ED00A20A5E /* Resources */ = {
			isa = PBXResourcesBuildPhase;
			buildActionMask = 2147483647;
			files = (
				E6D30948281920F100A20A5E /* LaunchScreen.storyboard in Resources */,
				E647111A281BA0200058E649 /* TransactionView.xib in Resources */,
				E61039C82821676300B19EDB /* MemberTransactionView.xib in Resources */,
				E6A8AEB8281AA07D004AD696 /* DetailViewCell.xib in Resources */,
				E6D3098428193FD400A20A5E /* Transactions.storyboard in Resources */,
				E6A8AEB2281A8B46004AD696 /* TransactionCell.xib in Resources */,
				E6A8AEC2281B074F004AD696 /* DetailTransactionView.xib in Resources */,
				E61039C02821674F00B19EDB /* MemberOrderTransactionView.xib in Resources */,
				E6471124281BCFE10058E649 /* NewTransactionView.xib in Resources */,
				E6D3098628193FED00A20A5E /* Contacts.storyboard in Resources */,
				E61039C22821674F00B19EDB /* MemberOrder.xib in Resources */,
				E6D30945281920F100A20A5E /* Assets.xcassets in Resources */,
				E6D30943281920ED00A20A5E /* Main.storyboard in Resources */,
			);
			runOnlyForDeploymentPostprocessing = 0;
		};
		E6D3094C281920F200A20A5E /* Resources */ = {
			isa = PBXResourcesBuildPhase;
			buildActionMask = 2147483647;
			files = (
			);
			runOnlyForDeploymentPostprocessing = 0;
		};
		E6D30956281920F200A20A5E /* Resources */ = {
			isa = PBXResourcesBuildPhase;
			buildActionMask = 2147483647;
			files = (
			);
			runOnlyForDeploymentPostprocessing = 0;
		};
/* End PBXResourcesBuildPhase section */

/* Begin PBXSourcesBuildPhase section */
		E6D30934281920ED00A20A5E /* Sources */ = {
			isa = PBXSourcesBuildPhase;
			buildActionMask = 2147483647;
			files = (
				E61039C12821674F00B19EDB /* MemberOrder.swift in Sources */,
				E61039BF2821674F00B19EDB /* MemberOrderTransactionView.swift in Sources */,
				E6471123281BCFE10058E649 /* NewTransactionView.swift in Sources */,
				E61039BA28215DDE00B19EDB /* NewTransactionController.swift in Sources */,
				E65E814A28198D4B0016156D /* TransactionModel.swift in Sources */,
				E6D30940281920ED00A20A5E /* TransactionController.swift in Sources */,
				E6D309712819268700A20A5E /* ContactModel.swift in Sources */,
				E6471120281BBAAB0058E649 /* TransactionView.swift in Sources */,
				E6A8AEBA281AA338004AD696 /* DetailViewCell.swift in Sources */,
				E6D3093C281920ED00A20A5E /* AppDelegate.swift in Sources */,
				E61039CE28216A6400B19EDB /* MemberOrderTransactionController.swift in Sources */,
				E6D309722819268700A20A5E /* DetailViewController.swift in Sources */,
				E61039C72821676300B19EDB /* MemberTransactionView.swift in Sources */,
				E6A8AEC1281B074F004AD696 /* DetailTransactionView.swift in Sources */,
				E6D3093E281920ED00A20A5E /* SceneDelegate.swift in Sources */,
				E6D309702819268700A20A5E /* ContactViewController.swift in Sources */,
				E6D309742819268700A20A5E /* ContactCell.swift in Sources */,
				E6A8AEAE281A8A71004AD696 /* TransactionCell.swift in Sources */,
				E61039CC28216A5900B19EDB /* MemberTransactionController.swift in Sources */,
				E6D309732819268700A20A5E /* UIButton+Extension.swift in Sources */,
			);
			runOnlyForDeploymentPostprocessing = 0;
		};
		E6D3094A281920F200A20A5E /* Sources */ = {
			isa = PBXSourcesBuildPhase;
			buildActionMask = 2147483647;
			files = (
				E6D30953281920F200A20A5E /* TalanginTests.swift in Sources */,
			);
			runOnlyForDeploymentPostprocessing = 0;
		};
		E6D30954281920F200A20A5E /* Sources */ = {
			isa = PBXSourcesBuildPhase;
			buildActionMask = 2147483647;
			files = (
				E6D3095F281920F200A20A5E /* TalanginUITestsLaunchTests.swift in Sources */,
				E6D3095D281920F200A20A5E /* TalanginUITests.swift in Sources */,
			);
			runOnlyForDeploymentPostprocessing = 0;
		};
/* End PBXSourcesBuildPhase section */

/* Begin PBXTargetDependency section */
		E6D30950281920F200A20A5E /* PBXTargetDependency */ = {
			isa = PBXTargetDependency;
			target = E6D30937281920ED00A20A5E /* Talangin */;
			targetProxy = E6D3094F281920F200A20A5E /* PBXContainerItemProxy */;
		};
		E6D3095A281920F200A20A5E /* PBXTargetDependency */ = {
			isa = PBXTargetDependency;
			target = E6D30937281920ED00A20A5E /* Talangin */;
			targetProxy = E6D30959281920F200A20A5E /* PBXContainerItemProxy */;
		};
/* End PBXTargetDependency section */

/* Begin PBXVariantGroup section */
		E6D30941281920ED00A20A5E /* Main.storyboard */ = {
			isa = PBXVariantGroup;
			children = (
				E6D30942281920ED00A20A5E /* Base */,
			);
			name = Main.storyboard;
			sourceTree = "<group>";
		};
		E6D30946281920F100A20A5E /* LaunchScreen.storyboard */ = {
			isa = PBXVariantGroup;
			children = (
				E6D30947281920F100A20A5E /* Base */,
			);
			name = LaunchScreen.storyboard;
			sourceTree = "<group>";
		};
		E6D3098228193FD400A20A5E /* Transactions.storyboard */ = {
			isa = PBXVariantGroup;
			children = (
				E6D3098328193FD400A20A5E /* Base */,
			);
			name = Transactions.storyboard;
			sourceTree = "<group>";
		};
/* End PBXVariantGroup section */

/* Begin XCBuildConfiguration section */
		E6D30960281920F200A20A5E /* Debug */ = {
			isa = XCBuildConfiguration;
			buildSettings = {
				ALWAYS_SEARCH_USER_PATHS = NO;
				CLANG_ANALYZER_NONNULL = YES;
				CLANG_ANALYZER_NUMBER_OBJECT_CONVERSION = YES_AGGRESSIVE;
				CLANG_CXX_LANGUAGE_STANDARD = "gnu++17";
				CLANG_ENABLE_MODULES = YES;
				CLANG_ENABLE_OBJC_ARC = YES;
				CLANG_ENABLE_OBJC_WEAK = YES;
				CLANG_WARN_BLOCK_CAPTURE_AUTORELEASING = YES;
				CLANG_WARN_BOOL_CONVERSION = YES;
				CLANG_WARN_COMMA = YES;
				CLANG_WARN_CONSTANT_CONVERSION = YES;
				CLANG_WARN_DEPRECATED_OBJC_IMPLEMENTATIONS = YES;
				CLANG_WARN_DIRECT_OBJC_ISA_USAGE = YES_ERROR;
				CLANG_WARN_DOCUMENTATION_COMMENTS = YES;
				CLANG_WARN_EMPTY_BODY = YES;
				CLANG_WARN_ENUM_CONVERSION = YES;
				CLANG_WARN_INFINITE_RECURSION = YES;
				CLANG_WARN_INT_CONVERSION = YES;
				CLANG_WARN_NON_LITERAL_NULL_CONVERSION = YES;
				CLANG_WARN_OBJC_IMPLICIT_RETAIN_SELF = YES;
				CLANG_WARN_OBJC_LITERAL_CONVERSION = YES;
				CLANG_WARN_OBJC_ROOT_CLASS = YES_ERROR;
				CLANG_WARN_QUOTED_INCLUDE_IN_FRAMEWORK_HEADER = YES;
				CLANG_WARN_RANGE_LOOP_ANALYSIS = YES;
				CLANG_WARN_STRICT_PROTOTYPES = YES;
				CLANG_WARN_SUSPICIOUS_MOVE = YES;
				CLANG_WARN_UNGUARDED_AVAILABILITY = YES_AGGRESSIVE;
				CLANG_WARN_UNREACHABLE_CODE = YES;
				CLANG_WARN__DUPLICATE_METHOD_MATCH = YES;
				COPY_PHASE_STRIP = NO;
				DEBUG_INFORMATION_FORMAT = dwarf;
				ENABLE_STRICT_OBJC_MSGSEND = YES;
				ENABLE_TESTABILITY = YES;
				GCC_C_LANGUAGE_STANDARD = gnu11;
				GCC_DYNAMIC_NO_PIC = NO;
				GCC_NO_COMMON_BLOCKS = YES;
				GCC_OPTIMIZATION_LEVEL = 0;
				GCC_PREPROCESSOR_DEFINITIONS = (
					"DEBUG=1",
					"$(inherited)",
				);
				GCC_WARN_64_TO_32_BIT_CONVERSION = YES;
				GCC_WARN_ABOUT_RETURN_TYPE = YES_ERROR;
				GCC_WARN_UNDECLARED_SELECTOR = YES;
				GCC_WARN_UNINITIALIZED_AUTOS = YES_AGGRESSIVE;
				GCC_WARN_UNUSED_FUNCTION = YES;
				GCC_WARN_UNUSED_VARIABLE = YES;
				IPHONEOS_DEPLOYMENT_TARGET = 15.4;
				MTL_ENABLE_DEBUG_INFO = INCLUDE_SOURCE;
				MTL_FAST_MATH = YES;
				ONLY_ACTIVE_ARCH = YES;
				SDKROOT = iphoneos;
				SWIFT_ACTIVE_COMPILATION_CONDITIONS = DEBUG;
				SWIFT_OPTIMIZATION_LEVEL = "-Onone";
			};
			name = Debug;
		};
		E6D30961281920F200A20A5E /* Release */ = {
			isa = XCBuildConfiguration;
			buildSettings = {
				ALWAYS_SEARCH_USER_PATHS = NO;
				CLANG_ANALYZER_NONNULL = YES;
				CLANG_ANALYZER_NUMBER_OBJECT_CONVERSION = YES_AGGRESSIVE;
				CLANG_CXX_LANGUAGE_STANDARD = "gnu++17";
				CLANG_ENABLE_MODULES = YES;
				CLANG_ENABLE_OBJC_ARC = YES;
				CLANG_ENABLE_OBJC_WEAK = YES;
				CLANG_WARN_BLOCK_CAPTURE_AUTORELEASING = YES;
				CLANG_WARN_BOOL_CONVERSION = YES;
				CLANG_WARN_COMMA = YES;
				CLANG_WARN_CONSTANT_CONVERSION = YES;
				CLANG_WARN_DEPRECATED_OBJC_IMPLEMENTATIONS = YES;
				CLANG_WARN_DIRECT_OBJC_ISA_USAGE = YES_ERROR;
				CLANG_WARN_DOCUMENTATION_COMMENTS = YES;
				CLANG_WARN_EMPTY_BODY = YES;
				CLANG_WARN_ENUM_CONVERSION = YES;
				CLANG_WARN_INFINITE_RECURSION = YES;
				CLANG_WARN_INT_CONVERSION = YES;
				CLANG_WARN_NON_LITERAL_NULL_CONVERSION = YES;
				CLANG_WARN_OBJC_IMPLICIT_RETAIN_SELF = YES;
				CLANG_WARN_OBJC_LITERAL_CONVERSION = YES;
				CLANG_WARN_OBJC_ROOT_CLASS = YES_ERROR;
				CLANG_WARN_QUOTED_INCLUDE_IN_FRAMEWORK_HEADER = YES;
				CLANG_WARN_RANGE_LOOP_ANALYSIS = YES;
				CLANG_WARN_STRICT_PROTOTYPES = YES;
				CLANG_WARN_SUSPICIOUS_MOVE = YES;
				CLANG_WARN_UNGUARDED_AVAILABILITY = YES_AGGRESSIVE;
				CLANG_WARN_UNREACHABLE_CODE = YES;
				CLANG_WARN__DUPLICATE_METHOD_MATCH = YES;
				COPY_PHASE_STRIP = NO;
				DEBUG_INFORMATION_FORMAT = "dwarf-with-dsym";
				ENABLE_NS_ASSERTIONS = NO;
				ENABLE_STRICT_OBJC_MSGSEND = YES;
				GCC_C_LANGUAGE_STANDARD = gnu11;
				GCC_NO_COMMON_BLOCKS = YES;
				GCC_WARN_64_TO_32_BIT_CONVERSION = YES;
				GCC_WARN_ABOUT_RETURN_TYPE = YES_ERROR;
				GCC_WARN_UNDECLARED_SELECTOR = YES;
				GCC_WARN_UNINITIALIZED_AUTOS = YES_AGGRESSIVE;
				GCC_WARN_UNUSED_FUNCTION = YES;
				GCC_WARN_UNUSED_VARIABLE = YES;
				IPHONEOS_DEPLOYMENT_TARGET = 15.4;
				MTL_ENABLE_DEBUG_INFO = NO;
				MTL_FAST_MATH = YES;
				SDKROOT = iphoneos;
				SWIFT_COMPILATION_MODE = wholemodule;
				SWIFT_OPTIMIZATION_LEVEL = "-O";
				VALIDATE_PRODUCT = YES;
			};
			name = Release;
		};
		E6D30963281920F200A20A5E /* Debug */ = {
			isa = XCBuildConfiguration;
			buildSettings = {
				ASSETCATALOG_COMPILER_APPICON_NAME = AppIcon;
				ASSETCATALOG_COMPILER_GLOBAL_ACCENT_COLOR_NAME = AccentColor;
				CODE_SIGN_STYLE = Automatic;
				CURRENT_PROJECT_VERSION = 1;
				DEVELOPMENT_TEAM = 7RSZRTV9Q5;
				GENERATE_INFOPLIST_FILE = YES;
				INFOPLIST_FILE = Talangin/Info.plist;
				INFOPLIST_KEY_UIApplicationSupportsIndirectInputEvents = YES;
				INFOPLIST_KEY_UILaunchStoryboardName = LaunchScreen;
				INFOPLIST_KEY_UIMainStoryboardFile = Main;
				INFOPLIST_KEY_UISupportedInterfaceOrientations_iPad = "UIInterfaceOrientationPortrait UIInterfaceOrientationPortraitUpsideDown UIInterfaceOrientationLandscapeLeft UIInterfaceOrientationLandscapeRight";
				INFOPLIST_KEY_UISupportedInterfaceOrientations_iPhone = "UIInterfaceOrientationPortrait UIInterfaceOrientationLandscapeLeft UIInterfaceOrientationLandscapeRight";
				LD_RUNPATH_SEARCH_PATHS = (
					"$(inherited)",
					"@executable_path/Frameworks",
				);
				MARKETING_VERSION = 1.0;
				PRODUCT_BUNDLE_IDENTIFIER = ai.prosa.Talangin;
				PRODUCT_NAME = "$(TARGET_NAME)";
				SWIFT_EMIT_LOC_STRINGS = YES;
				SWIFT_VERSION = 5.0;
				TARGETED_DEVICE_FAMILY = "1,2";
			};
			name = Debug;
		};
		E6D30964281920F200A20A5E /* Release */ = {
			isa = XCBuildConfiguration;
			buildSettings = {
				ASSETCATALOG_COMPILER_APPICON_NAME = AppIcon;
				ASSETCATALOG_COMPILER_GLOBAL_ACCENT_COLOR_NAME = AccentColor;
				CODE_SIGN_STYLE = Automatic;
				CURRENT_PROJECT_VERSION = 1;
				DEVELOPMENT_TEAM = 7RSZRTV9Q5;
				GENERATE_INFOPLIST_FILE = YES;
				INFOPLIST_FILE = Talangin/Info.plist;
				INFOPLIST_KEY_UIApplicationSupportsIndirectInputEvents = YES;
				INFOPLIST_KEY_UILaunchStoryboardName = LaunchScreen;
				INFOPLIST_KEY_UIMainStoryboardFile = Main;
				INFOPLIST_KEY_UISupportedInterfaceOrientations_iPad = "UIInterfaceOrientationPortrait UIInterfaceOrientationPortraitUpsideDown UIInterfaceOrientationLandscapeLeft UIInterfaceOrientationLandscapeRight";
				INFOPLIST_KEY_UISupportedInterfaceOrientations_iPhone = "UIInterfaceOrientationPortrait UIInterfaceOrientationLandscapeLeft UIInterfaceOrientationLandscapeRight";
				LD_RUNPATH_SEARCH_PATHS = (
					"$(inherited)",
					"@executable_path/Frameworks",
				);
				MARKETING_VERSION = 1.0;
				PRODUCT_BUNDLE_IDENTIFIER = ai.prosa.Talangin;
				PRODUCT_NAME = "$(TARGET_NAME)";
				SWIFT_EMIT_LOC_STRINGS = YES;
				SWIFT_VERSION = 5.0;
				TARGETED_DEVICE_FAMILY = "1,2";
			};
			name = Release;
		};
		E6D30966281920F200A20A5E /* Debug */ = {
			isa = XCBuildConfiguration;
			buildSettings = {
				ALWAYS_EMBED_SWIFT_STANDARD_LIBRARIES = YES;
				BUNDLE_LOADER = "$(TEST_HOST)";
				CODE_SIGN_STYLE = Automatic;
				CURRENT_PROJECT_VERSION = 1;
				DEVELOPMENT_TEAM = 7RSZRTV9Q5;
				GENERATE_INFOPLIST_FILE = YES;
				IPHONEOS_DEPLOYMENT_TARGET = 15.4;
				MARKETING_VERSION = 1.0;
				PRODUCT_BUNDLE_IDENTIFIER = ai.prosa.TalanginTests;
				PRODUCT_NAME = "$(TARGET_NAME)";
				SWIFT_EMIT_LOC_STRINGS = NO;
				SWIFT_VERSION = 5.0;
				TARGETED_DEVICE_FAMILY = "1,2";
				TEST_HOST = "$(BUILT_PRODUCTS_DIR)/Talangin.app/Talangin";
			};
			name = Debug;
		};
		E6D30967281920F200A20A5E /* Release */ = {
			isa = XCBuildConfiguration;
			buildSettings = {
				ALWAYS_EMBED_SWIFT_STANDARD_LIBRARIES = YES;
				BUNDLE_LOADER = "$(TEST_HOST)";
				CODE_SIGN_STYLE = Automatic;
				CURRENT_PROJECT_VERSION = 1;
				DEVELOPMENT_TEAM = 7RSZRTV9Q5;
				GENERATE_INFOPLIST_FILE = YES;
				IPHONEOS_DEPLOYMENT_TARGET = 15.4;
				MARKETING_VERSION = 1.0;
				PRODUCT_BUNDLE_IDENTIFIER = ai.prosa.TalanginTests;
				PRODUCT_NAME = "$(TARGET_NAME)";
				SWIFT_EMIT_LOC_STRINGS = NO;
				SWIFT_VERSION = 5.0;
				TARGETED_DEVICE_FAMILY = "1,2";
				TEST_HOST = "$(BUILT_PRODUCTS_DIR)/Talangin.app/Talangin";
			};
			name = Release;
		};
		E6D30969281920F200A20A5E /* Debug */ = {
			isa = XCBuildConfiguration;
			buildSettings = {
				ALWAYS_EMBED_SWIFT_STANDARD_LIBRARIES = YES;
				CODE_SIGN_STYLE = Automatic;
				CURRENT_PROJECT_VERSION = 1;
				DEVELOPMENT_TEAM = 7RSZRTV9Q5;
				GENERATE_INFOPLIST_FILE = YES;
				MARKETING_VERSION = 1.0;
				PRODUCT_BUNDLE_IDENTIFIER = ai.prosa.TalanginUITests;
				PRODUCT_NAME = "$(TARGET_NAME)";
				SWIFT_EMIT_LOC_STRINGS = NO;
				SWIFT_VERSION = 5.0;
				TARGETED_DEVICE_FAMILY = "1,2";
				TEST_TARGET_NAME = Talangin;
			};
			name = Debug;
		};
		E6D3096A281920F200A20A5E /* Release */ = {
			isa = XCBuildConfiguration;
			buildSettings = {
				ALWAYS_EMBED_SWIFT_STANDARD_LIBRARIES = YES;
				CODE_SIGN_STYLE = Automatic;
				CURRENT_PROJECT_VERSION = 1;
				DEVELOPMENT_TEAM = 7RSZRTV9Q5;
				GENERATE_INFOPLIST_FILE = YES;
				MARKETING_VERSION = 1.0;
				PRODUCT_BUNDLE_IDENTIFIER = ai.prosa.TalanginUITests;
				PRODUCT_NAME = "$(TARGET_NAME)";
				SWIFT_EMIT_LOC_STRINGS = NO;
				SWIFT_VERSION = 5.0;
				TARGETED_DEVICE_FAMILY = "1,2";
				TEST_TARGET_NAME = Talangin;
			};
			name = Release;
		};
/* End XCBuildConfiguration section */

/* Begin XCConfigurationList section */
		E6D30933281920ED00A20A5E /* Build configuration list for PBXProject "Talangin" */ = {
			isa = XCConfigurationList;
			buildConfigurations = (
				E6D30960281920F200A20A5E /* Debug */,
				E6D30961281920F200A20A5E /* Release */,
			);
			defaultConfigurationIsVisible = 0;
			defaultConfigurationName = Release;
		};
		E6D30962281920F200A20A5E /* Build configuration list for PBXNativeTarget "Talangin" */ = {
			isa = XCConfigurationList;
			buildConfigurations = (
				E6D30963281920F200A20A5E /* Debug */,
				E6D30964281920F200A20A5E /* Release */,
			);
			defaultConfigurationIsVisible = 0;
			defaultConfigurationName = Release;
		};
		E6D30965281920F200A20A5E /* Build configuration list for PBXNativeTarget "TalanginTests" */ = {
			isa = XCConfigurationList;
			buildConfigurations = (
				E6D30966281920F200A20A5E /* Debug */,
				E6D30967281920F200A20A5E /* Release */,
			);
			defaultConfigurationIsVisible = 0;
			defaultConfigurationName = Release;
		};
		E6D30968281920F200A20A5E /* Build configuration list for PBXNativeTarget "TalanginUITests" */ = {
			isa = XCConfigurationList;
			buildConfigurations = (
				E6D30969281920F200A20A5E /* Debug */,
				E6D3096A281920F200A20A5E /* Release */,
			);
			defaultConfigurationIsVisible = 0;
			defaultConfigurationName = Release;
		};
/* End XCConfigurationList section */
	};
	rootObject = E6D30930281920ED00A20A5E /* Project object */;
}
